
Microsoft Visual Studio Solution File, Format Version 12.00
# Visual Studio Version 17
VisualStudioVersion = 17.13.35931.197 d17.13
MinimumVisualStudioVersion = 10.0.40219.1
Project("{FAE04EC0-301F-11D3-BF4B-00C04F79EFBC}") = "WinFormsApp1", "WinFormsApp1\WinFormsApp1.csproj", "{40C1E072-F274-4301-948B-EDC34AE96765}"
EndProject
Global
	GlobalSection(SolutionConfigurationPlatforms) = preSolution
		Debug|Any CPU = Debug|Any CPU
		Release|Any CPU = Release|Any CPU
	EndGlobalSection
	GlobalSection(ProjectConfigurationPlatforms) = postSolution
		{40C1E072-F274-4301-948B-EDC34AE96765}.Debug|Any CPU.ActiveCfg = Debug|Any CPU
		{40C1E072-F274-4301-948B-EDC34AE96765}.Debug|Any CPU.Build.0 = Debug|Any CPU
		{40C1E072-F274-4301-948B-EDC34AE96765}.Release|Any CPU.ActiveCfg = Release|Any CPU
		{40C1E072-F274-4301-948B-EDC34AE96765}.Release|Any CPU.Build.0 = Release|Any CPU
	EndGlobalSection
	GlobalSection(SolutionProperties) = preSolution
		HideSolutionNode = FALSE
	EndGlobalSection
	GlobalSection(ExtensibilityGlobals) = postSolution
		SolutionGuid = {D1CA21E8-C85E-4711-B235-7BC1F6D16082}
	EndGlobalSection
EndGlobal
